// !$*UTF8*$!
{
	archiveVersion = 1;
	classes = {
	};
	objectVersion = 48;
	objects = {

/* Begin PBXBuildFile section */
		6B2A3E6C1FE94BED00D422D7 /* DeleteViewController.swift in Sources */ = {isa = PBXBuildFile; fileRef = 6B2A3E6B1FE94BED00D422D7 /* DeleteViewController.swift */; };
		6BDFC8451FEBE81400450A9A /* Lecturer.swift in Sources */ = {isa = PBXBuildFile; fileRef = 6BDFC8441FEBE81400450A9A /* Lecturer.swift */; };
		6BDFC8471FEBE85C00450A9A /* Student.swift in Sources */ = {isa = PBXBuildFile; fileRef = 6BDFC8461FEBE85C00450A9A /* Student.swift */; };
		6BDFC8491FEBE89600450A9A /* Template.swift in Sources */ = {isa = PBXBuildFile; fileRef = 6BDFC8481FEBE89600450A9A /* Template.swift */; };
		6BDFC84B1FEBE8C000450A9A /* Topic.swift in Sources */ = {isa = PBXBuildFile; fileRef = 6BDFC84A1FEBE8C000450A9A /* Topic.swift */; };
		6BDFC84D1FEBE8DE00450A9A /* User.swift in Sources */ = {isa = PBXBuildFile; fileRef = 6BDFC84C1FEBE8DE00450A9A /* User.swift */; };
		6BDFC84F1FEBE90100450A9A /* Activity.swift in Sources */ = {isa = PBXBuildFile; fileRef = 6BDFC84E1FEBE90100450A9A /* Activity.swift */; };
		873D0F131FF0ED5B001E7149 /* UnosStudentaViewController.swift in Sources */ = {isa = PBXBuildFile; fileRef = 873D0F121FF0ED5B001E7149 /* UnosStudentaViewController.swift */; };
		FD05DCFC1FEBF12700422040 /* Controler.swift in Sources */ = {isa = PBXBuildFile; fileRef = FD05DCFB1FEBF12700422040 /* Controler.swift */; };
		FD05DD971FEBF40A00422040 /* SQLite.swift-master in Resources */ = {isa = PBXBuildFile; fileRef = FD05DD961FEBF40A00422040 /* SQLite.swift-master */; };
		FD05DDB01FEBF42E00422040 /* SQLite.framework in Frameworks */ = {isa = PBXBuildFile; fileRef = FD05DDA31FEBF42700422040 /* SQLite.framework */; };
		FD05DDB11FEBF43100422040 /* SQLite.framework in Frameworks */ = {isa = PBXBuildFile; fileRef = FD05DDA31FEBF42700422040 /* SQLite.framework */; };
		FD05DDB21FEBF43100422040 /* SQLite.framework in Embed Frameworks */ = {isa = PBXBuildFile; fileRef = FD05DDA31FEBF42700422040 /* SQLite.framework */; settings = {ATTRIBUTES = (CodeSignOnCopy, RemoveHeadersOnCopy, ); }; };
		FD38AF2B1FE958A800987645 /* DBBroker.swift in Sources */ = {isa = PBXBuildFile; fileRef = FD38AF2A1FE958A800987645 /* DBBroker.swift */; };
		FD6BDF761FF12E28003F78AB /* ConfigurationViewController.swift in Sources */ = {isa = PBXBuildFile; fileRef = FD6BDF751FF12E28003F78AB /* ConfigurationViewController.swift */; };
		FD89962A1FED5FCD0053CCF7 /* TelephoneValidator.swift in Sources */ = {isa = PBXBuildFile; fileRef = FD8996291FED5FCD0053CCF7 /* TelephoneValidator.swift */; };
		FD8996321FED607F0053CCF7 /* LecturerValidator.swift in Sources */ = {isa = PBXBuildFile; fileRef = FD8996311FED607F0053CCF7 /* LecturerValidator.swift */; };
		FDC517071FED58FA001CD1F0 /* EmptyStringValidator.swift in Sources */ = {isa = PBXBuildFile; fileRef = FDC517061FED58FA001CD1F0 /* EmptyStringValidator.swift */; };
		FDC5170B1FED5CB2001CD1F0 /* MailValidator.swift in Sources */ = {isa = PBXBuildFile; fileRef = FDC5170A1FED5CB2001CD1F0 /* MailValidator.swift */; };
		FDD37C2A1FE92BA1006835AE /* AppDelegate.swift in Sources */ = {isa = PBXBuildFile; fileRef = FDD37C291FE92BA1006835AE /* AppDelegate.swift */; };
		FDD37C2C1FE92BA1006835AE /* InsertViewController.swift in Sources */ = {isa = PBXBuildFile; fileRef = FDD37C2B1FE92BA1006835AE /* InsertViewController.swift */; };
		FDD37C2E1FE92BA1006835AE /* UpdateViewController.swift in Sources */ = {isa = PBXBuildFile; fileRef = FDD37C2D1FE92BA1006835AE /* UpdateViewController.swift */; };
		FDD37C311FE92BA1006835AE /* Main.storyboard in Resources */ = {isa = PBXBuildFile; fileRef = FDD37C2F1FE92BA1006835AE /* Main.storyboard */; };
		FDD37C331FE92BA1006835AE /* Assets.xcassets in Resources */ = {isa = PBXBuildFile; fileRef = FDD37C321FE92BA1006835AE /* Assets.xcassets */; };
		FDD37C361FE92BA1006835AE /* LaunchScreen.storyboard in Resources */ = {isa = PBXBuildFile; fileRef = FDD37C341FE92BA1006835AE /* LaunchScreen.storyboard */; };
/* End PBXBuildFile section */

/* Begin PBXContainerItemProxy section */
		FD05DDA21FEBF42700422040 /* PBXContainerItemProxy */ = {
			isa = PBXContainerItemProxy;
			containerPortal = FD05DD981FEBF42600422040 /* SQLite.xcodeproj */;
			proxyType = 2;
			remoteGlobalIDString = EE247AD31C3F04ED00AE3E12;
			remoteInfo = "SQLite iOS";
		};
		FD05DDA41FEBF42700422040 /* PBXContainerItemProxy */ = {
			isa = PBXContainerItemProxy;
			containerPortal = FD05DD981FEBF42600422040 /* SQLite.xcodeproj */;
			proxyType = 2;
			remoteGlobalIDString = EE247ADD1C3F04ED00AE3E12;
			remoteInfo = "SQLiteTests iOS";
		};
		FD05DDA61FEBF42700422040 /* PBXContainerItemProxy */ = {
			isa = PBXContainerItemProxy;
			containerPortal = FD05DD981FEBF42600422040 /* SQLite.xcodeproj */;
			proxyType = 2;
			remoteGlobalIDString = EE247B3C1C3F3ED000AE3E12;
			remoteInfo = "SQLite Mac";
		};
		FD05DDA81FEBF42700422040 /* PBXContainerItemProxy */ = {
			isa = PBXContainerItemProxy;
			containerPortal = FD05DD981FEBF42600422040 /* SQLite.xcodeproj */;
			proxyType = 2;
			remoteGlobalIDString = EE247B451C3F3ED000AE3E12;
			remoteInfo = "SQLiteTests Mac";
		};
		FD05DDAA1FEBF42700422040 /* PBXContainerItemProxy */ = {
			isa = PBXContainerItemProxy;
			containerPortal = FD05DD981FEBF42600422040 /* SQLite.xcodeproj */;
			proxyType = 2;
			remoteGlobalIDString = 03A65E5A1C6BB0F50062603F;
			remoteInfo = "SQLite tvOS";
		};
		FD05DDAC1FEBF42700422040 /* PBXContainerItemProxy */ = {
			isa = PBXContainerItemProxy;
			containerPortal = FD05DD981FEBF42600422040 /* SQLite.xcodeproj */;
			proxyType = 2;
			remoteGlobalIDString = 03A65E631C6BB0F60062603F;
			remoteInfo = "SQLiteTests tvOS";
		};
		FD05DDAE1FEBF42700422040 /* PBXContainerItemProxy */ = {
			isa = PBXContainerItemProxy;
			containerPortal = FD05DD981FEBF42600422040 /* SQLite.xcodeproj */;
			proxyType = 2;
			remoteGlobalIDString = A121AC451CA35C79005A31D1;
			remoteInfo = "SQLite watchOS";
		};
		FD05DDB31FEBF43100422040 /* PBXContainerItemProxy */ = {
			isa = PBXContainerItemProxy;
			containerPortal = FD05DD981FEBF42600422040 /* SQLite.xcodeproj */;
			proxyType = 1;
			remoteGlobalIDString = EE247AD21C3F04ED00AE3E12;
			remoteInfo = "SQLite iOS";
		};
/* End PBXContainerItemProxy section */

/* Begin PBXCopyFilesBuildPhase section */
		FD38AF271FE954C500987645 /* Embed Frameworks */ = {
			isa = PBXCopyFilesBuildPhase;
			buildActionMask = 2147483647;
			dstPath = "";
			dstSubfolderSpec = 10;
			files = (
				FD05DDB21FEBF43100422040 /* SQLite.framework in Embed Frameworks */,
			);
			name = "Embed Frameworks";
			runOnlyForDeploymentPostprocessing = 0;
		};
/* End PBXCopyFilesBuildPhase section */

/* Begin PBXFileReference section */
		6B2A3E6B1FE94BED00D422D7 /* DeleteViewController.swift */ = {isa = PBXFileReference; lastKnownFileType = sourcecode.swift; path = DeleteViewController.swift; sourceTree = "<group>"; };
		6BDFC8441FEBE81400450A9A /* Lecturer.swift */ = {isa = PBXFileReference; lastKnownFileType = sourcecode.swift; path = Lecturer.swift; sourceTree = "<group>"; };
		6BDFC8461FEBE85C00450A9A /* Student.swift */ = {isa = PBXFileReference; lastKnownFileType = sourcecode.swift; path = Student.swift; sourceTree = "<group>"; };
		6BDFC8481FEBE89600450A9A /* Template.swift */ = {isa = PBXFileReference; lastKnownFileType = sourcecode.swift; path = Template.swift; sourceTree = "<group>"; };
		6BDFC84A1FEBE8C000450A9A /* Topic.swift */ = {isa = PBXFileReference; lastKnownFileType = sourcecode.swift; path = Topic.swift; sourceTree = "<group>"; };
		6BDFC84C1FEBE8DE00450A9A /* User.swift */ = {isa = PBXFileReference; lastKnownFileType = sourcecode.swift; path = User.swift; sourceTree = "<group>"; };
		6BDFC84E1FEBE90100450A9A /* Activity.swift */ = {isa = PBXFileReference; lastKnownFileType = sourcecode.swift; path = Activity.swift; sourceTree = "<group>"; };
		873D0F121FF0ED5B001E7149 /* UnosStudentaViewController.swift */ = {isa = PBXFileReference; lastKnownFileType = sourcecode.swift; path = UnosStudentaViewController.swift; sourceTree = "<group>"; };
		FD05DCFB1FEBF12700422040 /* Controler.swift */ = {isa = PBXFileReference; lastKnownFileType = sourcecode.swift; path = Controler.swift; sourceTree = "<group>"; };
		FD05DD961FEBF40A00422040 /* SQLite.swift-master */ = {isa = PBXFileReference; lastKnownFileType = folder; path = "SQLite.swift-master"; sourceTree = "<group>"; };
		FD05DD981FEBF42600422040 /* SQLite.xcodeproj */ = {isa = PBXFileReference; lastKnownFileType = "wrapper.pb-project"; name = SQLite.xcodeproj; path = "SQLite.swift-master/SQLite.xcodeproj"; sourceTree = SOURCE_ROOT; };
		FD38AF2A1FE958A800987645 /* DBBroker.swift */ = {isa = PBXFileReference; lastKnownFileType = sourcecode.swift; path = DBBroker.swift; sourceTree = "<group>"; };
		FD6BDF751FF12E28003F78AB /* ConfigurationViewController.swift */ = {isa = PBXFileReference; lastKnownFileType = sourcecode.swift; path = ConfigurationViewController.swift; sourceTree = "<group>"; };
		FD8996291FED5FCD0053CCF7 /* TelephoneValidator.swift */ = {isa = PBXFileReference; lastKnownFileType = sourcecode.swift; path = TelephoneValidator.swift; sourceTree = "<group>"; };
		FD8996311FED607F0053CCF7 /* LecturerValidator.swift */ = {isa = PBXFileReference; lastKnownFileType = sourcecode.swift; path = LecturerValidator.swift; sourceTree = "<group>"; };
		FDC517061FED58FA001CD1F0 /* EmptyStringValidator.swift */ = {isa = PBXFileReference; lastKnownFileType = sourcecode.swift; path = EmptyStringValidator.swift; sourceTree = "<group>"; };
		FDC5170A1FED5CB2001CD1F0 /* MailValidator.swift */ = {isa = PBXFileReference; lastKnownFileType = sourcecode.swift; path = MailValidator.swift; sourceTree = "<group>"; };
		FDD37C261FE92BA1006835AE /* OdbraneAplikacija.app */ = {isa = PBXFileReference; explicitFileType = wrapper.application; includeInIndex = 0; path = OdbraneAplikacija.app; sourceTree = BUILT_PRODUCTS_DIR; };
		FDD37C291FE92BA1006835AE /* AppDelegate.swift */ = {isa = PBXFileReference; lastKnownFileType = sourcecode.swift; path = AppDelegate.swift; sourceTree = "<group>"; };
		FDD37C2B1FE92BA1006835AE /* InsertViewController.swift */ = {isa = PBXFileReference; lastKnownFileType = sourcecode.swift; path = InsertViewController.swift; sourceTree = "<group>"; };
		FDD37C2D1FE92BA1006835AE /* UpdateViewController.swift */ = {isa = PBXFileReference; lastKnownFileType = sourcecode.swift; path = UpdateViewController.swift; sourceTree = "<group>"; };
		FDD37C301FE92BA1006835AE /* Base */ = {isa = PBXFileReference; lastKnownFileType = file.storyboard; name = Base; path = Base.lproj/Main.storyboard; sourceTree = "<group>"; };
		FDD37C321FE92BA1006835AE /* Assets.xcassets */ = {isa = PBXFileReference; lastKnownFileType = folder.assetcatalog; path = Assets.xcassets; sourceTree = "<group>"; };
		FDD37C351FE92BA1006835AE /* Base */ = {isa = PBXFileReference; lastKnownFileType = file.storyboard; name = Base; path = Base.lproj/LaunchScreen.storyboard; sourceTree = "<group>"; };
		FDD37C371FE92BA1006835AE /* Info.plist */ = {isa = PBXFileReference; lastKnownFileType = text.plist.xml; path = Info.plist; sourceTree = "<group>"; };
/* End PBXFileReference section */

/* Begin PBXFrameworksBuildPhase section */
		FDD37C231FE92BA1006835AE /* Frameworks */ = {
			isa = PBXFrameworksBuildPhase;
			buildActionMask = 2147483647;
			files = (
				FD05DDB11FEBF43100422040 /* SQLite.framework in Frameworks */,
				FD05DDB01FEBF42E00422040 /* SQLite.framework in Frameworks */,
			);
			runOnlyForDeploymentPostprocessing = 0;
		};
/* End PBXFrameworksBuildPhase section */

/* Begin PBXGroup section */
		6BDFC8411FEBE6AC00450A9A /* Model */ = {
			isa = PBXGroup;
			children = (
				6BDFC8441FEBE81400450A9A /* Lecturer.swift */,
				6BDFC8461FEBE85C00450A9A /* Student.swift */,
				6BDFC8481FEBE89600450A9A /* Template.swift */,
				6BDFC84A1FEBE8C000450A9A /* Topic.swift */,
				6BDFC84C1FEBE8DE00450A9A /* User.swift */,
				6BDFC84E1FEBE90100450A9A /* Activity.swift */,
			);
			path = Model;
			sourceTree = "<group>";
		};
		FD05DCFA1FEBF11500422040 /* pl */ = {
			isa = PBXGroup;
			children = (
				FD05DCFB1FEBF12700422040 /* Controler.swift */,
			);
			path = pl;
			sourceTree = "<group>";
		};
		FD05DD991FEBF42600422040 /* Products */ = {
			isa = PBXGroup;
			children = (
				FD05DDA31FEBF42700422040 /* SQLite.framework */,
				FD05DDA51FEBF42700422040 /* SQLiteTests iOS.xctest */,
				FD05DDA71FEBF42700422040 /* SQLite.framework */,
				FD05DDA91FEBF42700422040 /* SQLiteTests Mac.xctest */,
				FD05DDAB1FEBF42700422040 /* SQLite.framework */,
				FD05DDAD1FEBF42700422040 /* SQLiteTests tvOS.xctest */,
				FD05DDAF1FEBF42700422040 /* SQLite.framework */,
			);
			name = Products;
			sourceTree = "<group>";
		};
		FD38AF211FE954BF00987645 /* Frameworks */ = {
			isa = PBXGroup;
			children = (
				FD05DD961FEBF40A00422040 /* SQLite.swift-master */,
			);
			name = Frameworks;
			sourceTree = "<group>";
		};
		FD38AF281FE9570400987645 /* View */ = {
			isa = PBXGroup;
			children = (
				6B2A3E6B1FE94BED00D422D7 /* DeleteViewController.swift */,
				FDD37C2B1FE92BA1006835AE /* InsertViewController.swift */,
				FDD37C2D1FE92BA1006835AE /* UpdateViewController.swift */,
				873D0F121FF0ED5B001E7149 /* UnosStudentaViewController.swift */,
				FD6BDF751FF12E28003F78AB /* ConfigurationViewController.swift */,
			);
			path = View;
			sourceTree = "<group>";
		};
		FD38AF291FE9588600987645 /* db */ = {
			isa = PBXGroup;
			children = (
				FD38AF2A1FE958A800987645 /* DBBroker.swift */,
			);
			path = db;
			sourceTree = "<group>";
		};
		FDC517051FED58DE001CD1F0 /* validators */ = {
			isa = PBXGroup;
			children = (
				FDC517061FED58FA001CD1F0 /* EmptyStringValidator.swift */,
				FDC5170A1FED5CB2001CD1F0 /* MailValidator.swift */,
				FD8996291FED5FCD0053CCF7 /* TelephoneValidator.swift */,
				FD8996311FED607F0053CCF7 /* LecturerValidator.swift */,
			);
			path = validators;
			sourceTree = "<group>";
		};
		FDD37C1D1FE92BA1006835AE = {
			isa = PBXGroup;
			children = (
				FDD37C281FE92BA1006835AE /* OdbraneAplikacija */,
				FDD37C271FE92BA1006835AE /* Products */,
				FD38AF211FE954BF00987645 /* Frameworks */,
			);
			sourceTree = "<group>";
		};
		FDD37C271FE92BA1006835AE /* Products */ = {
			isa = PBXGroup;
			children = (
				FDD37C261FE92BA1006835AE /* OdbraneAplikacija.app */,
			);
			name = Products;
			sourceTree = "<group>";
		};
		FDD37C281FE92BA1006835AE /* OdbraneAplikacija */ = {
			isa = PBXGroup;
			children = (
				FDC517051FED58DE001CD1F0 /* validators */,
				FD05DCFA1FEBF11500422040 /* pl */,
				6BDFC8411FEBE6AC00450A9A /* Model */,
				FD38AF291FE9588600987645 /* db */,
				FD38AF281FE9570400987645 /* View */,
				FDD37C291FE92BA1006835AE /* AppDelegate.swift */,
				FDD37C2F1FE92BA1006835AE /* Main.storyboard */,
				FDD37C321FE92BA1006835AE /* Assets.xcassets */,
				FDD37C341FE92BA1006835AE /* LaunchScreen.storyboard */,
				FDD37C371FE92BA1006835AE /* Info.plist */,
				FD05DD981FEBF42600422040 /* SQLite.xcodeproj */,
			);
			path = OdbraneAplikacija;
			sourceTree = "<group>";
		};
/* End PBXGroup section */

/* Begin PBXNativeTarget section */
		FDD37C251FE92BA1006835AE /* OdbraneAplikacija */ = {
			isa = PBXNativeTarget;
			buildConfigurationList = FDD37C3A1FE92BA1006835AE /* Build configuration list for PBXNativeTarget "OdbraneAplikacija" */;
			buildPhases = (
				FDD37C221FE92BA1006835AE /* Sources */,
				FDD37C231FE92BA1006835AE /* Frameworks */,
				FDD37C241FE92BA1006835AE /* Resources */,
				FD38AF271FE954C500987645 /* Embed Frameworks */,
			);
			buildRules = (
			);
			dependencies = (
				FD05DDB41FEBF43100422040 /* PBXTargetDependency */,
			);
			name = OdbraneAplikacija;
			productName = OdbraneAplikacija;
			productReference = FDD37C261FE92BA1006835AE /* OdbraneAplikacija.app */;
			productType = "com.apple.product-type.application";
		};
/* End PBXNativeTarget section */

/* Begin PBXProject section */
		FDD37C1E1FE92BA1006835AE /* Project object */ = {
			isa = PBXProject;
			attributes = {
				LastSwiftUpdateCheck = 0920;
				LastUpgradeCheck = 0920;
				ORGANIZATIONNAME = "Ivan Rakić";
				TargetAttributes = {
					FDD37C251FE92BA1006835AE = {
						CreatedOnToolsVersion = 9.2;
						ProvisioningStyle = Automatic;
					};
				};
			};
			buildConfigurationList = FDD37C211FE92BA1006835AE /* Build configuration list for PBXProject "OdbraneAplikacija" */;
			compatibilityVersion = "Xcode 8.0";
			developmentRegion = en;
			hasScannedForEncodings = 0;
			knownRegions = (
				en,
				Base,
			);
			mainGroup = FDD37C1D1FE92BA1006835AE;
			productRefGroup = FDD37C271FE92BA1006835AE /* Products */;
			projectDirPath = "";
			projectReferences = (
				{
					ProductGroup = FD05DD991FEBF42600422040 /* Products */;
					ProjectRef = FD05DD981FEBF42600422040 /* SQLite.xcodeproj */;
				},
			);
			projectRoot = "";
			targets = (
				FDD37C251FE92BA1006835AE /* OdbraneAplikacija */,
			);
		};
/* End PBXProject section */

/* Begin PBXReferenceProxy section */
		FD05DDA31FEBF42700422040 /* SQLite.framework */ = {
			isa = PBXReferenceProxy;
			fileType = wrapper.framework;
			path = SQLite.framework;
			remoteRef = FD05DDA21FEBF42700422040 /* PBXContainerItemProxy */;
			sourceTree = BUILT_PRODUCTS_DIR;
		};
		FD05DDA51FEBF42700422040 /* SQLiteTests iOS.xctest */ = {
			isa = PBXReferenceProxy;
			fileType = wrapper.cfbundle;
			path = "SQLiteTests iOS.xctest";
			remoteRef = FD05DDA41FEBF42700422040 /* PBXContainerItemProxy */;
			sourceTree = BUILT_PRODUCTS_DIR;
		};
		FD05DDA71FEBF42700422040 /* SQLite.framework */ = {
			isa = PBXReferenceProxy;
			fileType = wrapper.framework;
			path = SQLite.framework;
			remoteRef = FD05DDA61FEBF42700422040 /* PBXContainerItemProxy */;
			sourceTree = BUILT_PRODUCTS_DIR;
		};
		FD05DDA91FEBF42700422040 /* SQLiteTests Mac.xctest */ = {
			isa = PBXReferenceProxy;
			fileType = wrapper.cfbundle;
			path = "SQLiteTests Mac.xctest";
			remoteRef = FD05DDA81FEBF42700422040 /* PBXContainerItemProxy */;
			sourceTree = BUILT_PRODUCTS_DIR;
		};
		FD05DDAB1FEBF42700422040 /* SQLite.framework */ = {
			isa = PBXReferenceProxy;
			fileType = wrapper.framework;
			path = SQLite.framework;
			remoteRef = FD05DDAA1FEBF42700422040 /* PBXContainerItemProxy */;
			sourceTree = BUILT_PRODUCTS_DIR;
		};
		FD05DDAD1FEBF42700422040 /* SQLiteTests tvOS.xctest */ = {
			isa = PBXReferenceProxy;
			fileType = wrapper.cfbundle;
			path = "SQLiteTests tvOS.xctest";
			remoteRef = FD05DDAC1FEBF42700422040 /* PBXContainerItemProxy */;
			sourceTree = BUILT_PRODUCTS_DIR;
		};
		FD05DDAF1FEBF42700422040 /* SQLite.framework */ = {
			isa = PBXReferenceProxy;
			fileType = wrapper.framework;
			path = SQLite.framework;
			remoteRef = FD05DDAE1FEBF42700422040 /* PBXContainerItemProxy */;
			sourceTree = BUILT_PRODUCTS_DIR;
		};
/* End PBXReferenceProxy section */

/* Begin PBXResourcesBuildPhase section */
		FDD37C241FE92BA1006835AE /* Resources */ = {
			isa = PBXResourcesBuildPhase;
			buildActionMask = 2147483647;
			files = (
				FDD37C361FE92BA1006835AE /* LaunchScreen.storyboard in Resources */,
				FD05DD971FEBF40A00422040 /* SQLite.swift-master in Resources */,
				FDD37C331FE92BA1006835AE /* Assets.xcassets in Resources */,
				FDD37C311FE92BA1006835AE /* Main.storyboard in Resources */,
			);
			runOnlyForDeploymentPostprocessing = 0;
		};
/* End PBXResourcesBuildPhase section */

/* Begin PBXSourcesBuildPhase section */
		FDD37C221FE92BA1006835AE /* Sources */ = {
			isa = PBXSourcesBuildPhase;
			buildActionMask = 2147483647;
			files = (
				6BDFC84B1FEBE8C000450A9A /* Topic.swift in Sources */,
				6BDFC8451FEBE81400450A9A /* Lecturer.swift in Sources */,
				FDD37C2E1FE92BA1006835AE /* UpdateViewController.swift in Sources */,
				6BDFC8491FEBE89600450A9A /* Template.swift in Sources */,
				FDD37C2A1FE92BA1006835AE /* AppDelegate.swift in Sources */,
				FD6BDF761FF12E28003F78AB /* ConfigurationViewController.swift in Sources */,
				FDC5170B1FED5CB2001CD1F0 /* MailValidator.swift in Sources */,
				6BDFC84F1FEBE90100450A9A /* Activity.swift in Sources */,
				FDD37C2C1FE92BA1006835AE /* InsertViewController.swift in Sources */,
				FD38AF2B1FE958A800987645 /* DBBroker.swift in Sources */,
				FD05DCFC1FEBF12700422040 /* Controler.swift in Sources */,
				6B2A3E6C1FE94BED00D422D7 /* DeleteViewController.swift in Sources */,
				FD8996321FED607F0053CCF7 /* LecturerValidator.swift in Sources */,
				FDC517071FED58FA001CD1F0 /* EmptyStringValidator.swift in Sources */,
				FD89962A1FED5FCD0053CCF7 /* TelephoneValidator.swift in Sources */,
				6BDFC8471FEBE85C00450A9A /* Student.swift in Sources */,
				6BDFC84D1FEBE8DE00450A9A /* User.swift in Sources */,
				873D0F131FF0ED5B001E7149 /* UnosStudentaViewController.swift in Sources */,
			);
			runOnlyForDeploymentPostprocessing = 0;
		};
/* End PBXSourcesBuildPhase section */

/* Begin PBXTargetDependency section */
		FD05DDB41FEBF43100422040 /* PBXTargetDependency */ = {
			isa = PBXTargetDependency;
			name = "SQLite iOS";
			targetProxy = FD05DDB31FEBF43100422040 /* PBXContainerItemProxy */;
		};
/* End PBXTargetDependency section */

/* Begin PBXVariantGroup section */
		FDD37C2F1FE92BA1006835AE /* Main.storyboard */ = {
			isa = PBXVariantGroup;
			children = (
				FDD37C301FE92BA1006835AE /* Base */,
			);
			name = Main.storyboard;
			sourceTree = "<group>";
		};
		FDD37C341FE92BA1006835AE /* LaunchScreen.storyboard */ = {
			isa = PBXVariantGroup;
			children = (
				FDD37C351FE92BA1006835AE /* Base */,
			);
			name = LaunchScreen.storyboard;
			sourceTree = "<group>";
		};
/* End PBXVariantGroup section */

/* Begin XCBuildConfiguration section */
		FDD37C381FE92BA1006835AE /* Debug */ = {
			isa = XCBuildConfiguration;
			buildSettings = {
				ALWAYS_SEARCH_USER_PATHS = NO;
				CLANG_ANALYZER_NONNULL = YES;
				CLANG_ANALYZER_NUMBER_OBJECT_CONVERSION = YES_AGGRESSIVE;
				CLANG_CXX_LANGUAGE_STANDARD = "gnu++14";
				CLANG_CXX_LIBRARY = "libc++";
				CLANG_ENABLE_MODULES = YES;
				CLANG_ENABLE_OBJC_ARC = YES;
				CLANG_WARN_BLOCK_CAPTURE_AUTORELEASING = YES;
				CLANG_WARN_BOOL_CONVERSION = YES;
				CLANG_WARN_COMMA = YES;
				CLANG_WARN_CONSTANT_CONVERSION = YES;
				CLANG_WARN_DIRECT_OBJC_ISA_USAGE = YES_ERROR;
				CLANG_WARN_DOCUMENTATION_COMMENTS = YES;
				CLANG_WARN_EMPTY_BODY = YES;
				CLANG_WARN_ENUM_CONVERSION = YES;
				CLANG_WARN_INFINITE_RECURSION = YES;
				CLANG_WARN_INT_CONVERSION = YES;
				CLANG_WARN_NON_LITERAL_NULL_CONVERSION = YES;
				CLANG_WARN_OBJC_LITERAL_CONVERSION = YES;
				CLANG_WARN_OBJC_ROOT_CLASS = YES_ERROR;
				CLANG_WARN_RANGE_LOOP_ANALYSIS = YES;
				CLANG_WARN_STRICT_PROTOTYPES = YES;
				CLANG_WARN_SUSPICIOUS_MOVE = YES;
				CLANG_WARN_UNGUARDED_AVAILABILITY = YES_AGGRESSIVE;
				CLANG_WARN_UNREACHABLE_CODE = YES;
				CLANG_WARN__DUPLICATE_METHOD_MATCH = YES;
				CODE_SIGN_IDENTITY = "iPhone Developer";
				COPY_PHASE_STRIP = NO;
				DEBUG_INFORMATION_FORMAT = dwarf;
				ENABLE_STRICT_OBJC_MSGSEND = YES;
				ENABLE_TESTABILITY = YES;
				GCC_C_LANGUAGE_STANDARD = gnu11;
				GCC_DYNAMIC_NO_PIC = NO;
				GCC_NO_COMMON_BLOCKS = YES;
				GCC_OPTIMIZATION_LEVEL = 0;
				GCC_PREPROCESSOR_DEFINITIONS = (
					"DEBUG=1",
					"$(inherited)",
				);
				GCC_WARN_64_TO_32_BIT_CONVERSION = YES;
				GCC_WARN_ABOUT_RETURN_TYPE = YES_ERROR;
				GCC_WARN_UNDECLARED_SELECTOR = YES;
				GCC_WARN_UNINITIALIZED_AUTOS = YES_AGGRESSIVE;
				GCC_WARN_UNUSED_FUNCTION = YES;
				GCC_WARN_UNUSED_VARIABLE = YES;
				IPHONEOS_DEPLOYMENT_TARGET = 11.2;
				MTL_ENABLE_DEBUG_INFO = YES;
				ONLY_ACTIVE_ARCH = YES;
				SDKROOT = iphoneos;
				SWIFT_ACTIVE_COMPILATION_CONDITIONS = DEBUG;
				SWIFT_OPTIMIZATION_LEVEL = "-Onone";
			};
			name = Debug;
		};
		FDD37C391FE92BA1006835AE /* Release */ = {
			isa = XCBuildConfiguration;
			buildSettings = {
				ALWAYS_SEARCH_USER_PATHS = NO;
				CLANG_ANALYZER_NONNULL = YES;
				CLANG_ANALYZER_NUMBER_OBJECT_CONVERSION = YES_AGGRESSIVE;
				CLANG_CXX_LANGUAGE_STANDARD = "gnu++14";
				CLANG_CXX_LIBRARY = "libc++";
				CLANG_ENABLE_MODULES = YES;
				CLANG_ENABLE_OBJC_ARC = YES;
				CLANG_WARN_BLOCK_CAPTURE_AUTORELEASING = YES;
				CLANG_WARN_BOOL_CONVERSION = YES;
				CLANG_WARN_COMMA = YES;
				CLANG_WARN_CONSTANT_CONVERSION = YES;
				CLANG_WARN_DIRECT_OBJC_ISA_USAGE = YES_ERROR;
				CLANG_WARN_DOCUMENTATION_COMMENTS = YES;
				CLANG_WARN_EMPTY_BODY = YES;
				CLANG_WARN_ENUM_CONVERSION = YES;
				CLANG_WARN_INFINITE_RECURSION = YES;
				CLANG_WARN_INT_CONVERSION = YES;
				CLANG_WARN_NON_LITERAL_NULL_CONVERSION = YES;
				CLANG_WARN_OBJC_LITERAL_CONVERSION = YES;
				CLANG_WARN_OBJC_ROOT_CLASS = YES_ERROR;
				CLANG_WARN_RANGE_LOOP_ANALYSIS = YES;
				CLANG_WARN_STRICT_PROTOTYPES = YES;
				CLANG_WARN_SUSPICIOUS_MOVE = YES;
				CLANG_WARN_UNGUARDED_AVAILABILITY = YES_AGGRESSIVE;
				CLANG_WARN_UNREACHABLE_CODE = YES;
				CLANG_WARN__DUPLICATE_METHOD_MATCH = YES;
				CODE_SIGN_IDENTITY = "iPhone Developer";
				COPY_PHASE_STRIP = NO;
				DEBUG_INFORMATION_FORMAT = "dwarf-with-dsym";
				ENABLE_NS_ASSERTIONS = NO;
				ENABLE_STRICT_OBJC_MSGSEND = YES;
				GCC_C_LANGUAGE_STANDARD = gnu11;
				GCC_NO_COMMON_BLOCKS = YES;
				GCC_WARN_64_TO_32_BIT_CONVERSION = YES;
				GCC_WARN_ABOUT_RETURN_TYPE = YES_ERROR;
				GCC_WARN_UNDECLARED_SELECTOR = YES;
				GCC_WARN_UNINITIALIZED_AUTOS = YES_AGGRESSIVE;
				GCC_WARN_UNUSED_FUNCTION = YES;
				GCC_WARN_UNUSED_VARIABLE = YES;
				IPHONEOS_DEPLOYMENT_TARGET = 11.2;
				MTL_ENABLE_DEBUG_INFO = NO;
				SDKROOT = iphoneos;
				SWIFT_OPTIMIZATION_LEVEL = "-Owholemodule";
				VALIDATE_PRODUCT = YES;
			};
			name = Release;
		};
		FDD37C3B1FE92BA1006835AE /* Debug */ = {
			isa = XCBuildConfiguration;
			buildSettings = {
				ALWAYS_EMBED_SWIFT_STANDARD_LIBRARIES = YES;
				ASSETCATALOG_COMPILER_APPICON_NAME = AppIcon;
				CODE_SIGN_STYLE = Automatic;
				INFOPLIST_FILE = OdbraneAplikacija/Info.plist;
				LD_RUNPATH_SEARCH_PATHS = "$(inherited) @executable_path/Frameworks";
				PRODUCT_BUNDLE_IDENTIFIER = fon.OdbraneAplikacija;
				PRODUCT_NAME = "$(TARGET_NAME)";
				SWIFT_VERSION = 4.0;
				TARGETED_DEVICE_FAMILY = "1,2";
			};
			name = Debug;
		};
		FDD37C3C1FE92BA1006835AE /* Release */ = {
			isa = XCBuildConfiguration;
			buildSettings = {
				ALWAYS_EMBED_SWIFT_STANDARD_LIBRARIES = YES;
				ASSETCATALOG_COMPILER_APPICON_NAME = AppIcon;
				CODE_SIGN_STYLE = Automatic;
				INFOPLIST_FILE = OdbraneAplikacija/Info.plist;
				LD_RUNPATH_SEARCH_PATHS = "$(inherited) @executable_path/Frameworks";
				PRODUCT_BUNDLE_IDENTIFIER = fon.OdbraneAplikacija;
				PRODUCT_NAME = "$(TARGET_NAME)";
				SWIFT_VERSION = 4.0;
				TARGETED_DEVICE_FAMILY = "1,2";
			};
			name = Release;
		};
/* End XCBuildConfiguration section */

/* Begin XCConfigurationList section */
		FDD37C211FE92BA1006835AE /* Build configuration list for PBXProject "OdbraneAplikacija" */ = {
			isa = XCConfigurationList;
			buildConfigurations = (
				FDD37C381FE92BA1006835AE /* Debug */,
				FDD37C391FE92BA1006835AE /* Release */,
			);
			defaultConfigurationIsVisible = 0;
			defaultConfigurationName = Release;
		};
		FDD37C3A1FE92BA1006835AE /* Build configuration list for PBXNativeTarget "OdbraneAplikacija" */ = {
			isa = XCConfigurationList;
			buildConfigurations = (
				FDD37C3B1FE92BA1006835AE /* Debug */,
				FDD37C3C1FE92BA1006835AE /* Release */,
			);
			defaultConfigurationIsVisible = 0;
			defaultConfigurationName = Release;
		};
/* End XCConfigurationList section */
	};
	rootObject = FDD37C1E1FE92BA1006835AE /* Project object */;
}
